
Microsoft Visual Studio Solution File, Format Version 12.00
Project("{FAE04EC0-301F-11D3-BF4B-00C04F79EFBC}") = "Task1", "Task1\Task1.csproj", "{35BEF917-6B7B-4CB5-9410-76419907D25F}"
EndProject
Project("{FAE04EC0-301F-11D3-BF4B-00C04F79EFBC}") = "Task4", "Task4\Task4.csproj", "{F608E5F3-7D9F-426F-956F-2B6273C79B2F}"
EndProject
Project("{FAE04EC0-301F-11D3-BF4B-00C04F79EFBC}") = "Task2", "Task2\Task2.csproj", "{648DCE15-8DB4-4CC7-A5C6-09562C3F0F84}"
EndProject
Project("{FAE04EC0-301F-11D3-BF4B-00C04F79EFBC}") = "Task3", "Task3\Task3.csproj", "{E9937332-4808-41B5-865E-0BE1476689ED}"
EndProject
Global
	GlobalSection(SolutionConfigurationPlatforms) = preSolution
		Debug|Any CPU = Debug|Any CPU
		Release|Any CPU = Release|Any CPU
	EndGlobalSection
	GlobalSection(ProjectConfigurationPlatforms) = postSolution
		{35BEF917-6B7B-4CB5-9410-76419907D25F}.Debug|Any CPU.ActiveCfg = Debug|Any CPU
		{35BEF917-6B7B-4CB5-9410-76419907D25F}.Debug|Any CPU.Build.0 = Debug|Any CPU
		{35BEF917-6B7B-4CB5-9410-76419907D25F}.Release|Any CPU.ActiveCfg = Release|Any CPU
		{35BEF917-6B7B-4CB5-9410-76419907D25F}.Release|Any CPU.Build.0 = Release|Any CPU
		{F608E5F3-7D9F-426F-956F-2B6273C79B2F}.Debug|Any CPU.ActiveCfg = Debug|Any CPU
		{F608E5F3-7D9F-426F-956F-2B6273C79B2F}.Debug|Any CPU.Build.0 = Debug|Any CPU
		{F608E5F3-7D9F-426F-956F-2B6273C79B2F}.Release|Any CPU.ActiveCfg = Release|Any CPU
		{F608E5F3-7D9F-426F-956F-2B6273C79B2F}.Release|Any CPU.Build.0 = Release|Any CPU
		{648DCE15-8DB4-4CC7-A5C6-09562C3F0F84}.Debug|Any CPU.ActiveCfg = Debug|Any CPU
		{648DCE15-8DB4-4CC7-A5C6-09562C3F0F84}.Debug|Any CPU.Build.0 = Debug|Any CPU
		{648DCE15-8DB4-4CC7-A5C6-09562C3F0F84}.Release|Any CPU.ActiveCfg = Release|Any CPU
		{648DCE15-8DB4-4CC7-A5C6-09562C3F0F84}.Release|Any CPU.Build.0 = Release|Any CPU
		{E9937332-4808-41B5-865E-0BE1476689ED}.Debug|Any CPU.ActiveCfg = Debug|Any CPU
		{E9937332-4808-41B5-865E-0BE1476689ED}.Debug|Any CPU.Build.0 = Debug|Any CPU
		{E9937332-4808-41B5-865E-0BE1476689ED}.Release|Any CPU.ActiveCfg = Release|Any CPU
		{E9937332-4808-41B5-865E-0BE1476689ED}.Release|Any CPU.Build.0 = Release|Any CPU
	EndGlobalSection
EndGlobal
